
Microsoft Visual Studio Solution File, Format Version 12.00
# Visual Studio Version 17
VisualStudioVersion = 17.2.32526.322
MinimumVisualStudioVersion = 10.0.40219.1
Project("{FAE04EC0-301F-11D3-BF4B-00C04F79EFBC}") = "DominosPizzaMvc", "DominosPizzaMvc.csproj", "{8BFCAC84-8D89-4A92-9D6A-205824BF996E}"
EndProject
Global
	GlobalSection(SolutionConfigurationPlatforms) = preSolution
		Debug|Any CPU = Debug|Any CPU
		Release|Any CPU = Release|Any CPU
	EndGlobalSection
	GlobalSection(ProjectConfigurationPlatforms) = postSolution
		{8BFCAC84-8D89-4A92-9D6A-205824BF996E}.Debug|Any CPU.ActiveCfg = Debug|Any CPU
		{8BFCAC84-8D89-4A92-9D6A-205824BF996E}.Debug|Any CPU.Build.0 = Debug|Any CPU
		{8BFCAC84-8D89-4A92-9D6A-205824BF996E}.Release|Any CPU.ActiveCfg = Release|Any CPU
		{8BFCAC84-8D89-4A92-9D6A-205824BF996E}.Release|Any CPU.Build.0 = Release|Any CPU
	EndGlobalSection
	GlobalSection(SolutionProperties) = preSolution
		HideSolutionNode = FALSE
	EndGlobalSection
	GlobalSection(ExtensibilityGlobals) = postSolution
		SolutionGuid = {89B74CCE-618B-43E3-849D-34CE7433D3F9}
	EndGlobalSection
EndGlobal
